
Microsoft Visual Studio Solution File, Format Version 12.00
# Visual Studio Version 17
VisualStudioVersion = 17.13.35913.81 d17.13
MinimumVisualStudioVersion = 10.0.40219.1
Project("{FAE04EC0-301F-11D3-BF4B-00C04F79EFBC}") = "ClassroomReservationApp", "projekt 2\ClassroomReservationApp.csproj", "{9875A65D-9DF0-4EE2-85B4-CE61C84E0937}"
EndProject
Global
	GlobalSection(SolutionConfigurationPlatforms) = preSolution
		Debug|Any CPU = Debug|Any CPU
		Release|Any CPU = Release|Any CPU
	EndGlobalSection
	GlobalSection(ProjectConfigurationPlatforms) = postSolution
		{9875A65D-9DF0-4EE2-85B4-CE61C84E0937}.Debug|Any CPU.ActiveCfg = Debug|Any CPU
		{9875A65D-9DF0-4EE2-85B4-CE61C84E0937}.Debug|Any CPU.Build.0 = Debug|Any CPU
		{9875A65D-9DF0-4EE2-85B4-CE61C84E0937}.Release|Any CPU.ActiveCfg = Release|Any CPU
		{9875A65D-9DF0-4EE2-85B4-CE61C84E0937}.Release|Any CPU.Build.0 = Release|Any CPU
	EndGlobalSection
	GlobalSection(SolutionProperties) = preSolution
		HideSolutionNode = FALSE
	EndGlobalSection
	GlobalSection(ExtensibilityGlobals) = postSolution
		SolutionGuid = {9AC9EBE0-0DF5-4979-A14E-30BCB4958F27}
	EndGlobalSection
EndGlobal
